
Microsoft Visual Studio Solution File, Format Version 12.00
# Visual Studio 15
VisualStudioVersion = 15.0.27130.2010
MinimumVisualStudioVersion = 10.0.40219.1
Project("{FAE04EC0-301F-11D3-BF4B-00C04F79EFBC}") = "XamCSSApp.Android", "XamCSSApp\XamCSSApp.Android\XamCSSApp.Android.csproj", "{AE6B9572-5D12-4BDF-89F0-A230B8DDBCF9}"
EndProject
Project("{FAE04EC0-301F-11D3-BF4B-00C04F79EFBC}") = "XamCSSApp.iOS", "XamCSSApp\XamCSSApp.iOS\XamCSSApp.iOS.csproj", "{D25CAE08-9B45-409E-8D8C-EB9F9A8A56E4}"
EndProject
Project("{FAE04EC0-301F-11D3-BF4B-00C04F79EFBC}") = "XamCSSApp", "XamCSSApp\XamCSSApp\XamCSSApp.csproj", "{02ECF1CE-2E0C-46DA-93D7-A68A0FCA03E9}"
EndProject
Global
	GlobalSection(SolutionConfigurationPlatforms) = preSolution
		Ad-Hoc|Any CPU = Ad-Hoc|Any CPU
		Ad-Hoc|iPhone = Ad-Hoc|iPhone
		Ad-Hoc|iPhoneSimulator = Ad-Hoc|iPhoneSimulator
		AppStore|Any CPU = AppStore|Any CPU
		AppStore|iPhone = AppStore|iPhone
		AppStore|iPhoneSimulator = AppStore|iPhoneSimulator
		Debug|Any CPU = Debug|Any CPU
		Debug|iPhone = Debug|iPhone
		Debug|iPhoneSimulator = Debug|iPhoneSimulator
		Release|Any CPU = Release|Any CPU
		Release|iPhone = Release|iPhone
		Release|iPhoneSimulator = Release|iPhoneSimulator
	EndGlobalSection
	GlobalSection(ProjectConfigurationPlatforms) = postSolution
		{AE6B9572-5D12-4BDF-89F0-A230B8DDBCF9}.Ad-Hoc|Any CPU.ActiveCfg = Release|Any CPU
		{AE6B9572-5D12-4BDF-89F0-A230B8DDBCF9}.Ad-Hoc|Any CPU.Build.0 = Release|Any CPU
		{AE6B9572-5D12-4BDF-89F0-A230B8DDBCF9}.Ad-Hoc|Any CPU.Deploy.0 = Release|Any CPU
		{AE6B9572-5D12-4BDF-89F0-A230B8DDBCF9}.Ad-Hoc|iPhone.ActiveCfg = Release|Any CPU
		{AE6B9572-5D12-4BDF-89F0-A230B8DDBCF9}.Ad-Hoc|iPhone.Build.0 = Release|Any CPU
		{AE6B9572-5D12-4BDF-89F0-A230B8DDBCF9}.Ad-Hoc|iPhone.Deploy.0 = Release|Any CPU
		{AE6B9572-5D12-4BDF-89F0-A230B8DDBCF9}.Ad-Hoc|iPhoneSimulator.ActiveCfg = Release|Any CPU
		{AE6B9572-5D12-4BDF-89F0-A230B8DDBCF9}.Ad-Hoc|iPhoneSimulator.Build.0 = Release|Any CPU
		{AE6B9572-5D12-4BDF-89F0-A230B8DDBCF9}.Ad-Hoc|iPhoneSimulator.Deploy.0 = Release|Any CPU
		{AE6B9572-5D12-4BDF-89F0-A230B8DDBCF9}.AppStore|Any CPU.ActiveCfg = Release|Any CPU
		{AE6B9572-5D12-4BDF-89F0-A230B8DDBCF9}.AppStore|Any CPU.Build.0 = Release|Any CPU
		{AE6B9572-5D12-4BDF-89F0-A230B8DDBCF9}.AppStore|Any CPU.Deploy.0 = Release|Any CPU
		{AE6B9572-5D12-4BDF-89F0-A230B8DDBCF9}.AppStore|iPhone.ActiveCfg = Release|Any CPU
		{AE6B9572-5D12-4BDF-89F0-A230B8DDBCF9}.AppStore|iPhone.Build.0 = Release|Any CPU
		{AE6B9572-5D12-4BDF-89F0-A230B8DDBCF9}.AppStore|iPhone.Deploy.0 = Release|Any CPU
		{AE6B9572-5D12-4BDF-89F0-A230B8DDBCF9}.AppStore|iPhoneSimulator.ActiveCfg = Release|Any CPU
		{AE6B9572-5D12-4BDF-89F0-A230B8DDBCF9}.AppStore|iPhoneSimulator.Build.0 = Release|Any CPU
		{AE6B9572-5D12-4BDF-89F0-A230B8DDBCF9}.AppStore|iPhoneSimulator.Deploy.0 = Release|Any CPU
		{AE6B9572-5D12-4BDF-89F0-A230B8DDBCF9}.Debug|Any CPU.ActiveCfg = Debug|Any CPU
		{AE6B9572-5D12-4BDF-89F0-A230B8DDBCF9}.Debug|Any CPU.Build.0 = Debug|Any CPU
		{AE6B9572-5D12-4BDF-89F0-A230B8DDBCF9}.Debug|Any CPU.Deploy.0 = Debug|Any CPU
		{AE6B9572-5D12-4BDF-89F0-A230B8DDBCF9}.Debug|iPhone.ActiveCfg = Debug|Any CPU
		{AE6B9572-5D12-4BDF-89F0-A230B8DDBCF9}.Debug|iPhone.Build.0 = Debug|Any CPU
		{AE6B9572-5D12-4BDF-89F0-A230B8DDBCF9}.Debug|iPhone.Deploy.0 = Debug|Any CPU
		{AE6B9572-5D12-4BDF-89F0-A230B8DDBCF9}.Debug|iPhoneSimulator.ActiveCfg = Debug|Any CPU
		{AE6B9572-5D12-4BDF-89F0-A230B8DDBCF9}.Debug|iPhoneSimulator.Build.0 = Debug|Any CPU
		{AE6B9572-5D12-4BDF-89F0-A230B8DDBCF9}.Debug|iPhoneSimulator.Deploy.0 = Debug|Any CPU
		{AE6B9572-5D12-4BDF-89F0-A230B8DDBCF9}.Release|Any CPU.ActiveCfg = Release|Any CPU
		{AE6B9572-5D12-4BDF-89F0-A230B8DDBCF9}.Release|Any CPU.Build.0 = Release|Any CPU
		{AE6B9572-5D12-4BDF-89F0-A230B8DDBCF9}.Release|Any CPU.Deploy.0 = Release|Any CPU
		{AE6B9572-5D12-4BDF-89F0-A230B8DDBCF9}.Release|iPhone.ActiveCfg = Release|Any CPU
		{AE6B9572-5D12-4BDF-89F0-A230B8DDBCF9}.Release|iPhone.Build.0 = Release|Any CPU
		{AE6B9572-5D12-4BDF-89F0-A230B8DDBCF9}.Release|iPhone.Deploy.0 = Release|Any CPU
		{AE6B9572-5D12-4BDF-89F0-A230B8DDBCF9}.Release|iPhoneSimulator.ActiveCfg = Release|Any CPU
		{AE6B9572-5D12-4BDF-89F0-A230B8DDBCF9}.Release|iPhoneSimulator.Build.0 = Release|Any CPU
		{AE6B9572-5D12-4BDF-89F0-A230B8DDBCF9}.Release|iPhoneSimulator.Deploy.0 = Release|Any CPU
		{D25CAE08-9B45-409E-8D8C-EB9F9A8A56E4}.Ad-Hoc|Any CPU.ActiveCfg = Ad-Hoc|iPhone
		{D25CAE08-9B45-409E-8D8C-EB9F9A8A56E4}.Ad-Hoc|iPhone.ActiveCfg = Ad-Hoc|iPhone
		{D25CAE08-9B45-409E-8D8C-EB9F9A8A56E4}.Ad-Hoc|iPhone.Build.0 = Ad-Hoc|iPhone
		{D25CAE08-9B45-409E-8D8C-EB9F9A8A56E4}.Ad-Hoc|iPhoneSimulator.ActiveCfg = Ad-Hoc|iPhoneSimulator
		{D25CAE08-9B45-409E-8D8C-EB9F9A8A56E4}.Ad-Hoc|iPhoneSimulator.Build.0 = Ad-Hoc|iPhoneSimulator
		{D25CAE08-9B45-409E-8D8C-EB9F9A8A56E4}.AppStore|Any CPU.ActiveCfg = AppStore|iPhone
		{D25CAE08-9B45-409E-8D8C-EB9F9A8A56E4}.AppStore|iPhone.ActiveCfg = AppStore|iPhone
		{D25CAE08-9B45-409E-8D8C-EB9F9A8A56E4}.AppStore|iPhone.Build.0 = AppStore|iPhone
		{D25CAE08-9B45-409E-8D8C-EB9F9A8A56E4}.AppStore|iPhoneSimulator.ActiveCfg = AppStore|iPhoneSimulator
		{D25CAE08-9B45-409E-8D8C-EB9F9A8A56E4}.AppStore|iPhoneSimulator.Build.0 = AppStore|iPhoneSimulator
		{D25CAE08-9B45-409E-8D8C-EB9F9A8A56E4}.Debug|Any CPU.ActiveCfg = Debug|iPhone
		{D25CAE08-9B45-409E-8D8C-EB9F9A8A56E4}.Debug|iPhone.ActiveCfg = Debug|iPhone
		{D25CAE08-9B45-409E-8D8C-EB9F9A8A56E4}.Debug|iPhone.Build.0 = Debug|iPhone
		{D25CAE08-9B45-409E-8D8C-EB9F9A8A56E4}.Debug|iPhoneSimulator.ActiveCfg = Debug|iPhoneSimulator
		{D25CAE08-9B45-409E-8D8C-EB9F9A8A56E4}.Debug|iPhoneSimulator.Build.0 = Debug|iPhoneSimulator
		{D25CAE08-9B45-409E-8D8C-EB9F9A8A56E4}.Release|Any CPU.ActiveCfg = Release|iPhone
		{D25CAE08-9B45-409E-8D8C-EB9F9A8A56E4}.Release|iPhone.ActiveCfg = Release|iPhone
		{D25CAE08-9B45-409E-8D8C-EB9F9A8A56E4}.Release|iPhone.Build.0 = Release|iPhone
		{D25CAE08-9B45-409E-8D8C-EB9F9A8A56E4}.Release|iPhoneSimulator.ActiveCfg = Release|iPhoneSimulator
		{D25CAE08-9B45-409E-8D8C-EB9F9A8A56E4}.Release|iPhoneSimulator.Build.0 = Release|iPhoneSimulator
		{02ECF1CE-2E0C-46DA-93D7-A68A0FCA03E9}.Ad-Hoc|Any CPU.ActiveCfg = Debug|Any CPU
		{02ECF1CE-2E0C-46DA-93D7-A68A0FCA03E9}.Ad-Hoc|Any CPU.Build.0 = Debug|Any CPU
		{02ECF1CE-2E0C-46DA-93D7-A68A0FCA03E9}.Ad-Hoc|iPhone.ActiveCfg = Debug|Any CPU
		{02ECF1CE-2E0C-46DA-93D7-A68A0FCA03E9}.Ad-Hoc|iPhone.Build.0 = Debug|Any CPU
		{02ECF1CE-2E0C-46DA-93D7-A68A0FCA03E9}.Ad-Hoc|iPhoneSimulator.ActiveCfg = Debug|Any CPU
		{02ECF1CE-2E0C-46DA-93D7-A68A0FCA03E9}.Ad-Hoc|iPhoneSimulator.Build.0 = Debug|Any CPU
		{02ECF1CE-2E0C-46DA-93D7-A68A0FCA03E9}.AppStore|Any CPU.ActiveCfg = Debug|Any CPU
		{02ECF1CE-2E0C-46DA-93D7-A68A0FCA03E9}.AppStore|Any CPU.Build.0 = Debug|Any CPU
		{02ECF1CE-2E0C-46DA-93D7-A68A0FCA03E9}.AppStore|iPhone.ActiveCfg = Debug|Any CPU
		{02ECF1CE-2E0C-46DA-93D7-A68A0FCA03E9}.AppStore|iPhone.Build.0 = Debug|Any CPU
		{02ECF1CE-2E0C-46DA-93D7-A68A0FCA03E9}.AppStore|iPhoneSimulator.ActiveCfg = Debug|Any CPU
		{02ECF1CE-2E0C-46DA-93D7-A68A0FCA03E9}.AppStore|iPhoneSimulator.Build.0 = Debug|Any CPU
		{02ECF1CE-2E0C-46DA-93D7-A68A0FCA03E9}.Debug|Any CPU.ActiveCfg = Debug|Any CPU
		{02ECF1CE-2E0C-46DA-93D7-A68A0FCA03E9}.Debug|Any CPU.Build.0 = Debug|Any CPU
		{02ECF1CE-2E0C-46DA-93D7-A68A0FCA03E9}.Debug|iPhone.ActiveCfg = Debug|Any CPU
		{02ECF1CE-2E0C-46DA-93D7-A68A0FCA03E9}.Debug|iPhone.Build.0 = Debug|Any CPU
		{02ECF1CE-2E0C-46DA-93D7-A68A0FCA03E9}.Debug|iPhoneSimulator.ActiveCfg = Debug|Any CPU
		{02ECF1CE-2E0C-46DA-93D7-A68A0FCA03E9}.Debug|iPhoneSimulator.Build.0 = Debug|Any CPU
		{02ECF1CE-2E0C-46DA-93D7-A68A0FCA03E9}.Release|Any CPU.ActiveCfg = Release|Any CPU
		{02ECF1CE-2E0C-46DA-93D7-A68A0FCA03E9}.Release|Any CPU.Build.0 = Release|Any CPU
		{02ECF1CE-2E0C-46DA-93D7-A68A0FCA03E9}.Release|iPhone.ActiveCfg = Release|Any CPU
		{02ECF1CE-2E0C-46DA-93D7-A68A0FCA03E9}.Release|iPhone.Build.0 = Release|Any CPU
		{02ECF1CE-2E0C-46DA-93D7-A68A0FCA03E9}.Release|iPhoneSimulator.ActiveCfg = Release|Any CPU
		{02ECF1CE-2E0C-46DA-93D7-A68A0FCA03E9}.Release|iPhoneSimulator.Build.0 = Release|Any CPU
	EndGlobalSection
	GlobalSection(SolutionProperties) = preSolution
		HideSolutionNode = FALSE
	EndGlobalSection
	GlobalSection(ExtensibilityGlobals) = postSolution
		SolutionGuid = {04DD3B5C-820D-44C0-8322-32AAF5B309A7}
	EndGlobalSection
EndGlobal
